Microsoft Visual Studio Solution File, Format Version 12.00
# Visual Studio Version 16
VisualStudioVersion = 16.0.0.0
MinimumVisualStudioVersion = 16.0.0.0
Project("{9A19103F-16F7-4668-BE54-9A1E7A4F7556}") = "ProjectBank.Server", "Server\ProjectBank.Server.csproj", "{91697FC6-1F81-417F-B0A9-305D2EBF07ED}"
EndProject
Project("{9A19103F-16F7-4668-BE54-9A1E7A4F7556}") = "ProjectBank.Client", "Client\ProjectBank.Client.csproj", "{E3A476F8-50AB-4D33-8349-AC5325572C72}"
EndProject
Project("{FAE04EC0-301F-11D3-BF4B-00C04F79EFBC}") = "Infrastructure", "Infrastructure\Infrastructure.csproj", "{C08EE32C-6E67-4864-8DA8-7B719DE64AAE}"
EndProject
Project("{FAE04EC0-301F-11D3-BF4B-00C04F79EFBC}") = "Core", "Core\Core.csproj", "{5C0B39DE-D729-4C9A-AFF9-EF9AD7778EC4}"
EndProject
Project("{2150E333-8FDC-42A3-9474-1A3956D46DE8}") = "Tests", "Tests", "{CFCDE17B-2E1A-4718-994A-E461BDDF0713}"
EndProject
Project("{FAE04EC0-301F-11D3-BF4B-00C04F79EFBC}") = "EntityFramework.Tests", "Tests\EntityFramework.Tests\EntityFramework.Tests.csproj", "{F4589C55-DC79-4DC8-A0A3-7802D752A3AC}"
EndProject
Project("{FAE04EC0-301F-11D3-BF4B-00C04F79EFBC}") = "ReferenceSystem.Tests", "Tests\ReferenceSystem.Tests\ReferenceSystem.Tests.csproj", "{136DD30C-92DB-4447-AD5A-9353C11D7D74}"
EndProject
Project("{FAE04EC0-301F-11D3-BF4B-00C04F79EFBC}") = "Performance.Tests", "Tests\Performance.Tests\Performance.Tests.csproj", "{5268F798-51D1-49D1-8781-84181F8B8588}"
EndProject
Project("{FAE04EC0-301F-11D3-BF4B-00C04F79EFBC}") = "Controllers.Tests", "Tests\Controllers.Tests\Controllers.Tests.csproj", "{66BFF394-F9B6-4AC4-A1B1-4894BDF1D8AB}"
EndProject
Project("{FAE04EC0-301F-11D3-BF4B-00C04F79EFBC}") = "TagGenerator.Tests", "Tests\TagGenerator.Tests\TagGenerator.Tests.csproj", "{BECC4160-8204-4A7F-A9D9-0E7DDF08244D}"
EndProject
Project("{FAE04EC0-301F-11D3-BF4B-00C04F79EFBC}") = "Seed.Tests", "Tests\Seed.Tests\Seed.Tests.csproj", "{1354C133-D757-470D-BC83-960F20E13765}"
EndProject
Global
	GlobalSection(SolutionConfigurationPlatforms) = preSolution
		Debug|Any CPU = Debug|Any CPU
		Debug|x64 = Debug|x64
		Debug|x86 = Debug|x86
		Release|Any CPU = Release|Any CPU
		Release|x64 = Release|x64
		Release|x86 = Release|x86
	EndGlobalSection
	GlobalSection(ProjectConfigurationPlatforms) = postSolution
		{E3A476F8-50AB-4D33-8349-AC5325572C72}.Debug|Any CPU.ActiveCfg = Debug|Any CPU
		{E3A476F8-50AB-4D33-8349-AC5325572C72}.Debug|Any CPU.Build.0 = Debug|Any CPU
		{E3A476F8-50AB-4D33-8349-AC5325572C72}.Debug|x64.ActiveCfg = Debug|Any CPU
		{E3A476F8-50AB-4D33-8349-AC5325572C72}.Debug|x64.Build.0 = Debug|Any CPU
		{E3A476F8-50AB-4D33-8349-AC5325572C72}.Debug|x86.ActiveCfg = Debug|Any CPU
		{E3A476F8-50AB-4D33-8349-AC5325572C72}.Debug|x86.Build.0 = Debug|Any CPU
		{E3A476F8-50AB-4D33-8349-AC5325572C72}.Release|Any CPU.ActiveCfg = Release|Any CPU
		{E3A476F8-50AB-4D33-8349-AC5325572C72}.Release|Any CPU.Build.0 = Release|Any CPU
		{E3A476F8-50AB-4D33-8349-AC5325572C72}.Release|x64.ActiveCfg = Release|Any CPU
		{E3A476F8-50AB-4D33-8349-AC5325572C72}.Release|x64.Build.0 = Release|Any CPU
		{E3A476F8-50AB-4D33-8349-AC5325572C72}.Release|x86.ActiveCfg = Release|Any CPU
		{E3A476F8-50AB-4D33-8349-AC5325572C72}.Release|x86.Build.0 = Release|Any CPU
		{91697FC6-1F81-417F-B0A9-305D2EBF07ED}.Debug|Any CPU.ActiveCfg = Debug|Any CPU
		{91697FC6-1F81-417F-B0A9-305D2EBF07ED}.Debug|Any CPU.Build.0 = Debug|Any CPU
		{91697FC6-1F81-417F-B0A9-305D2EBF07ED}.Debug|x64.ActiveCfg = Debug|Any CPU
		{91697FC6-1F81-417F-B0A9-305D2EBF07ED}.Debug|x64.Build.0 = Debug|Any CPU
		{91697FC6-1F81-417F-B0A9-305D2EBF07ED}.Debug|x86.ActiveCfg = Debug|Any CPU
		{91697FC6-1F81-417F-B0A9-305D2EBF07ED}.Debug|x86.Build.0 = Debug|Any CPU
		{91697FC6-1F81-417F-B0A9-305D2EBF07ED}.Release|Any CPU.ActiveCfg = Release|Any CPU
		{91697FC6-1F81-417F-B0A9-305D2EBF07ED}.Release|Any CPU.Build.0 = Release|Any CPU
		{91697FC6-1F81-417F-B0A9-305D2EBF07ED}.Release|x64.ActiveCfg = Release|Any CPU
		{91697FC6-1F81-417F-B0A9-305D2EBF07ED}.Release|x64.Build.0 = Release|Any CPU
		{91697FC6-1F81-417F-B0A9-305D2EBF07ED}.Release|x86.ActiveCfg = Release|Any CPU
		{91697FC6-1F81-417F-B0A9-305D2EBF07ED}.Release|x86.Build.0 = Release|Any CPU
		{2290A215-7BE1-4D9B-A0FD-473219A67EBA}.Debug|Any CPU.ActiveCfg = Debug|Any CPU
		{2290A215-7BE1-4D9B-A0FD-473219A67EBA}.Debug|Any CPU.Build.0 = Debug|Any CPU
		{2290A215-7BE1-4D9B-A0FD-473219A67EBA}.Debug|x64.ActiveCfg = Debug|Any CPU
		{2290A215-7BE1-4D9B-A0FD-473219A67EBA}.Debug|x64.Build.0 = Debug|Any CPU
		{2290A215-7BE1-4D9B-A0FD-473219A67EBA}.Debug|x86.ActiveCfg = Debug|Any CPU
		{2290A215-7BE1-4D9B-A0FD-473219A67EBA}.Debug|x86.Build.0 = Debug|Any CPU
		{2290A215-7BE1-4D9B-A0FD-473219A67EBA}.Release|Any CPU.ActiveCfg = Release|Any CPU
		{2290A215-7BE1-4D9B-A0FD-473219A67EBA}.Release|Any CPU.Build.0 = Release|Any CPU
		{2290A215-7BE1-4D9B-A0FD-473219A67EBA}.Release|x64.ActiveCfg = Release|Any CPU
		{2290A215-7BE1-4D9B-A0FD-473219A67EBA}.Release|x64.Build.0 = Release|Any CPU
		{2290A215-7BE1-4D9B-A0FD-473219A67EBA}.Release|x86.ActiveCfg = Release|Any CPU
		{2290A215-7BE1-4D9B-A0FD-473219A67EBA}.Release|x86.Build.0 = Release|Any CPU
		{C08EE32C-6E67-4864-8DA8-7B719DE64AAE}.Debug|Any CPU.ActiveCfg = Debug|Any CPU
		{C08EE32C-6E67-4864-8DA8-7B719DE64AAE}.Debug|Any CPU.Build.0 = Debug|Any CPU
		{C08EE32C-6E67-4864-8DA8-7B719DE64AAE}.Debug|x64.ActiveCfg = Debug|Any CPU
		{C08EE32C-6E67-4864-8DA8-7B719DE64AAE}.Debug|x64.Build.0 = Debug|Any CPU
		{C08EE32C-6E67-4864-8DA8-7B719DE64AAE}.Debug|x86.ActiveCfg = Debug|Any CPU
		{C08EE32C-6E67-4864-8DA8-7B719DE64AAE}.Debug|x86.Build.0 = Debug|Any CPU
		{C08EE32C-6E67-4864-8DA8-7B719DE64AAE}.Release|Any CPU.ActiveCfg = Release|Any CPU
		{C08EE32C-6E67-4864-8DA8-7B719DE64AAE}.Release|Any CPU.Build.0 = Release|Any CPU
		{C08EE32C-6E67-4864-8DA8-7B719DE64AAE}.Release|x64.ActiveCfg = Release|Any CPU
		{C08EE32C-6E67-4864-8DA8-7B719DE64AAE}.Release|x64.Build.0 = Release|Any CPU
		{C08EE32C-6E67-4864-8DA8-7B719DE64AAE}.Release|x86.ActiveCfg = Release|Any CPU
		{C08EE32C-6E67-4864-8DA8-7B719DE64AAE}.Release|x86.Build.0 = Release|Any CPU
		{5C0B39DE-D729-4C9A-AFF9-EF9AD7778EC4}.Debug|Any CPU.ActiveCfg = Debug|Any CPU
		{5C0B39DE-D729-4C9A-AFF9-EF9AD7778EC4}.Debug|Any CPU.Build.0 = Debug|Any CPU
		{5C0B39DE-D729-4C9A-AFF9-EF9AD7778EC4}.Debug|x64.ActiveCfg = Debug|Any CPU
		{5C0B39DE-D729-4C9A-AFF9-EF9AD7778EC4}.Debug|x64.Build.0 = Debug|Any CPU
		{5C0B39DE-D729-4C9A-AFF9-EF9AD7778EC4}.Debug|x86.ActiveCfg = Debug|Any CPU
		{5C0B39DE-D729-4C9A-AFF9-EF9AD7778EC4}.Debug|x86.Build.0 = Debug|Any CPU
		{5C0B39DE-D729-4C9A-AFF9-EF9AD7778EC4}.Release|Any CPU.ActiveCfg = Release|Any CPU
		{5C0B39DE-D729-4C9A-AFF9-EF9AD7778EC4}.Release|Any CPU.Build.0 = Release|Any CPU
		{5C0B39DE-D729-4C9A-AFF9-EF9AD7778EC4}.Release|x64.ActiveCfg = Release|Any CPU
		{5C0B39DE-D729-4C9A-AFF9-EF9AD7778EC4}.Release|x64.Build.0 = Release|Any CPU
		{5C0B39DE-D729-4C9A-AFF9-EF9AD7778EC4}.Release|x86.ActiveCfg = Release|Any CPU
		{5C0B39DE-D729-4C9A-AFF9-EF9AD7778EC4}.Release|x86.Build.0 = Release|Any CPU
		{F4589C55-DC79-4DC8-A0A3-7802D752A3AC}.Debug|Any CPU.ActiveCfg = Debug|Any CPU
		{F4589C55-DC79-4DC8-A0A3-7802D752A3AC}.Debug|Any CPU.Build.0 = Debug|Any CPU
		{F4589C55-DC79-4DC8-A0A3-7802D752A3AC}.Debug|x64.ActiveCfg = Debug|Any CPU
		{F4589C55-DC79-4DC8-A0A3-7802D752A3AC}.Debug|x64.Build.0 = Debug|Any CPU
		{F4589C55-DC79-4DC8-A0A3-7802D752A3AC}.Debug|x86.ActiveCfg = Debug|Any CPU
		{F4589C55-DC79-4DC8-A0A3-7802D752A3AC}.Debug|x86.Build.0 = Debug|Any CPU
		{F4589C55-DC79-4DC8-A0A3-7802D752A3AC}.Release|Any CPU.ActiveCfg = Release|Any CPU
		{F4589C55-DC79-4DC8-A0A3-7802D752A3AC}.Release|Any CPU.Build.0 = Release|Any CPU
		{F4589C55-DC79-4DC8-A0A3-7802D752A3AC}.Release|x64.ActiveCfg = Release|Any CPU
		{F4589C55-DC79-4DC8-A0A3-7802D752A3AC}.Release|x64.Build.0 = Release|Any CPU
		{F4589C55-DC79-4DC8-A0A3-7802D752A3AC}.Release|x86.ActiveCfg = Release|Any CPU
		{F4589C55-DC79-4DC8-A0A3-7802D752A3AC}.Release|x86.Build.0 = Release|Any CPU
		{136DD30C-92DB-4447-AD5A-9353C11D7D74}.Debug|Any CPU.ActiveCfg = Debug|Any CPU
		{136DD30C-92DB-4447-AD5A-9353C11D7D74}.Debug|Any CPU.Build.0 = Debug|Any CPU
		{136DD30C-92DB-4447-AD5A-9353C11D7D74}.Debug|x64.ActiveCfg = Debug|Any CPU
		{136DD30C-92DB-4447-AD5A-9353C11D7D74}.Debug|x64.Build.0 = Debug|Any CPU
		{136DD30C-92DB-4447-AD5A-9353C11D7D74}.Debug|x86.ActiveCfg = Debug|Any CPU
		{136DD30C-92DB-4447-AD5A-9353C11D7D74}.Debug|x86.Build.0 = Debug|Any CPU
		{136DD30C-92DB-4447-AD5A-9353C11D7D74}.Release|Any CPU.ActiveCfg = Release|Any CPU
		{136DD30C-92DB-4447-AD5A-9353C11D7D74}.Release|Any CPU.Build.0 = Release|Any CPU
		{136DD30C-92DB-4447-AD5A-9353C11D7D74}.Release|x64.ActiveCfg = Release|Any CPU
		{136DD30C-92DB-4447-AD5A-9353C11D7D74}.Release|x64.Build.0 = Release|Any CPU
		{136DD30C-92DB-4447-AD5A-9353C11D7D74}.Release|x86.ActiveCfg = Release|Any CPU
		{136DD30C-92DB-4447-AD5A-9353C11D7D74}.Release|x86.Build.0 = Release|Any CPU
		{5268F798-51D1-49D1-8781-84181F8B8588}.Debug|Any CPU.ActiveCfg = Debug|Any CPU
		{5268F798-51D1-49D1-8781-84181F8B8588}.Debug|Any CPU.Build.0 = Debug|Any CPU
		{5268F798-51D1-49D1-8781-84181F8B8588}.Debug|x64.ActiveCfg = Debug|Any CPU
		{5268F798-51D1-49D1-8781-84181F8B8588}.Debug|x64.Build.0 = Debug|Any CPU
		{5268F798-51D1-49D1-8781-84181F8B8588}.Debug|x86.ActiveCfg = Debug|Any CPU
		{5268F798-51D1-49D1-8781-84181F8B8588}.Debug|x86.Build.0 = Debug|Any CPU
		{5268F798-51D1-49D1-8781-84181F8B8588}.Release|Any CPU.ActiveCfg = Release|Any CPU
		{5268F798-51D1-49D1-8781-84181F8B8588}.Release|Any CPU.Build.0 = Release|Any CPU
		{5268F798-51D1-49D1-8781-84181F8B8588}.Release|x64.ActiveCfg = Release|Any CPU
		{5268F798-51D1-49D1-8781-84181F8B8588}.Release|x64.Build.0 = Release|Any CPU
		{5268F798-51D1-49D1-8781-84181F8B8588}.Release|x86.ActiveCfg = Release|Any CPU
		{5268F798-51D1-49D1-8781-84181F8B8588}.Release|x86.Build.0 = Release|Any CPU
		{BECC4160-8204-4A7F-A9D9-0E7DDF08244D}.Debug|Any CPU.ActiveCfg = Debug|Any CPU
		{BECC4160-8204-4A7F-A9D9-0E7DDF08244D}.Debug|Any CPU.Build.0 = Debug|Any CPU
		{BECC4160-8204-4A7F-A9D9-0E7DDF08244D}.Debug|x64.ActiveCfg = Debug|Any CPU
		{BECC4160-8204-4A7F-A9D9-0E7DDF08244D}.Debug|x64.Build.0 = Debug|Any CPU
		{BECC4160-8204-4A7F-A9D9-0E7DDF08244D}.Debug|x86.ActiveCfg = Debug|Any CPU
		{BECC4160-8204-4A7F-A9D9-0E7DDF08244D}.Debug|x86.Build.0 = Debug|Any CPU
		{BECC4160-8204-4A7F-A9D9-0E7DDF08244D}.Release|Any CPU.ActiveCfg = Release|Any CPU
		{BECC4160-8204-4A7F-A9D9-0E7DDF08244D}.Release|Any CPU.Build.0 = Release|Any CPU
		{BECC4160-8204-4A7F-A9D9-0E7DDF08244D}.Release|x64.ActiveCfg = Release|Any CPU
		{BECC4160-8204-4A7F-A9D9-0E7DDF08244D}.Release|x64.Build.0 = Release|Any CPU
		{BECC4160-8204-4A7F-A9D9-0E7DDF08244D}.Release|x86.ActiveCfg = Release|Any CPU
		{BECC4160-8204-4A7F-A9D9-0E7DDF08244D}.Release|x86.Build.0 = Release|Any CPU
		{66BFF394-F9B6-4AC4-A1B1-4894BDF1D8AB}.Debug|Any CPU.ActiveCfg = Debug|Any CPU
		{66BFF394-F9B6-4AC4-A1B1-4894BDF1D8AB}.Debug|Any CPU.Build.0 = Debug|Any CPU
		{66BFF394-F9B6-4AC4-A1B1-4894BDF1D8AB}.Debug|x64.ActiveCfg = Debug|Any CPU
		{66BFF394-F9B6-4AC4-A1B1-4894BDF1D8AB}.Debug|x64.Build.0 = Debug|Any CPU
		{66BFF394-F9B6-4AC4-A1B1-4894BDF1D8AB}.Debug|x86.ActiveCfg = Debug|Any CPU
		{66BFF394-F9B6-4AC4-A1B1-4894BDF1D8AB}.Debug|x86.Build.0 = Debug|Any CPU
		{66BFF394-F9B6-4AC4-A1B1-4894BDF1D8AB}.Release|Any CPU.ActiveCfg = Release|Any CPU
		{66BFF394-F9B6-4AC4-A1B1-4894BDF1D8AB}.Release|Any CPU.Build.0 = Release|Any CPU
		{66BFF394-F9B6-4AC4-A1B1-4894BDF1D8AB}.Release|x64.ActiveCfg = Release|Any CPU
		{66BFF394-F9B6-4AC4-A1B1-4894BDF1D8AB}.Release|x64.Build.0 = Release|Any CPU
		{66BFF394-F9B6-4AC4-A1B1-4894BDF1D8AB}.Release|x86.ActiveCfg = Release|Any CPU
		{66BFF394-F9B6-4AC4-A1B1-4894BDF1D8AB}.Release|x86.Build.0 = Release|Any CPU
		{1354C133-D757-470D-BC83-960F20E13765}.Debug|Any CPU.ActiveCfg = Debug|Any CPU
		{1354C133-D757-470D-BC83-960F20E13765}.Debug|Any CPU.Build.0 = Debug|Any CPU
		{1354C133-D757-470D-BC83-960F20E13765}.Debug|x64.ActiveCfg = Debug|Any CPU
		{1354C133-D757-470D-BC83-960F20E13765}.Debug|x64.Build.0 = Debug|Any CPU
		{1354C133-D757-470D-BC83-960F20E13765}.Debug|x86.ActiveCfg = Debug|Any CPU
		{1354C133-D757-470D-BC83-960F20E13765}.Debug|x86.Build.0 = Debug|Any CPU
		{1354C133-D757-470D-BC83-960F20E13765}.Release|Any CPU.ActiveCfg = Release|Any CPU
		{1354C133-D757-470D-BC83-960F20E13765}.Release|Any CPU.Build.0 = Release|Any CPU
		{1354C133-D757-470D-BC83-960F20E13765}.Release|x64.ActiveCfg = Release|Any CPU
		{1354C133-D757-470D-BC83-960F20E13765}.Release|x64.Build.0 = Release|Any CPU
		{1354C133-D757-470D-BC83-960F20E13765}.Release|x86.ActiveCfg = Release|Any CPU
		{1354C133-D757-470D-BC83-960F20E13765}.Release|x86.Build.0 = Release|Any CPU
	EndGlobalSection
	GlobalSection(SolutionProperties) = preSolution
		HideSolutionNode = FALSE
	EndGlobalSection
	GlobalSection(ExtensibilityGlobals) = postSolution
		SolutionGuid = {AD754594-B338-406D-850F-C42655BD4840}
	EndGlobalSection
	GlobalSection(NestedProjects) = preSolution
		{F4589C55-DC79-4DC8-A0A3-7802D752A3AC} = {CFCDE17B-2E1A-4718-994A-E461BDDF0713}
		{136DD30C-92DB-4447-AD5A-9353C11D7D74} = {CFCDE17B-2E1A-4718-994A-E461BDDF0713}
		{5268F798-51D1-49D1-8781-84181F8B8588} = {CFCDE17B-2E1A-4718-994A-E461BDDF0713}
		{BECC4160-8204-4A7F-A9D9-0E7DDF08244D} = {CFCDE17B-2E1A-4718-994A-E461BDDF0713}
		{66BFF394-F9B6-4AC4-A1B1-4894BDF1D8AB} = {CFCDE17B-2E1A-4718-994A-E461BDDF0713}
		{1354C133-D757-470D-BC83-960F20E13765} = {CFCDE17B-2E1A-4718-994A-E461BDDF0713}
	EndGlobalSection
EndGlobal
